
Microsoft Visual Studio Solution File, Format Version 12.00
# Visual Studio Version 17
VisualStudioVersion = 17.6.33829.357
MinimumVisualStudioVersion = 10.0.40219.1
Project("{FAE04EC0-301F-11D3-BF4B-00C04F79EFBC}") = "row kid", "row kid.csproj", "{8387E414-91C9-4B4F-A7DA-A9D271D9DB26}"
EndProject
Global
	GlobalSection(SolutionConfigurationPlatforms) = preSolution
		Debug|Any CPU = Debug|Any CPU
		Release|Any CPU = Release|Any CPU
	EndGlobalSection
	GlobalSection(ProjectConfigurationPlatforms) = postSolution
		{8387E414-91C9-4B4F-A7DA-A9D271D9DB26}.Debug|Any CPU.ActiveCfg = Debug|Any CPU
		{8387E414-91C9-4B4F-A7DA-A9D271D9DB26}.Debug|Any CPU.Build.0 = Debug|Any CPU
		{8387E414-91C9-4B4F-A7DA-A9D271D9DB26}.Release|Any CPU.ActiveCfg = Release|Any CPU
		{8387E414-91C9-4B4F-A7DA-A9D271D9DB26}.Release|Any CPU.Build.0 = Release|Any CPU
	EndGlobalSection
	GlobalSection(SolutionProperties) = preSolution
		HideSolutionNode = FALSE
	EndGlobalSection
	GlobalSection(ExtensibilityGlobals) = postSolution
		SolutionGuid = {AE5F0C84-DD0B-41F7-807D-853C28878D80}
	EndGlobalSection
EndGlobal
